// !$*UTF8*$!
{
	archiveVersion = 1;
	classes = {
	};
	objectVersion = 56;
	objects = {

/* Begin PBXBuildFile section */
		E4144B5D2C48FEA100FC86C6 /* AppDelegate.swift in Sources */ = {isa = PBXBuildFile; fileRef = E4144B5C2C48FEA100FC86C6 /* AppDelegate.swift */; };
		E4144B5F2C48FEA100FC86C6 /* SceneDelegate.swift in Sources */ = {isa = PBXBuildFile; fileRef = E4144B5E2C48FEA100FC86C6 /* SceneDelegate.swift */; };
		E4144B662C48FEA100FC86C6 /* Assets.xcassets in Resources */ = {isa = PBXBuildFile; fileRef = E4144B652C48FEA100FC86C6 /* Assets.xcassets */; };
		E4144B692C48FEA100FC86C6 /* Base in Resources */ = {isa = PBXBuildFile; fileRef = E4144B682C48FEA100FC86C6 /* Base */; };
		E4144B722C48FEDC00FC86C6 /* RxCocoa in Frameworks */ = {isa = PBXBuildFile; productRef = E4144B712C48FEDC00FC86C6 /* RxCocoa */; };
		E4144B742C48FEDC00FC86C6 /* RxSwift in Frameworks */ = {isa = PBXBuildFile; productRef = E4144B732C48FEDC00FC86C6 /* RxSwift */; };
		E4144B7C2C4901A100FC86C6 /* APIManager.swift in Sources */ = {isa = PBXBuildFile; fileRef = E4144B7B2C4901A100FC86C6 /* APIManager.swift */; };
		E4144B7E2C4901D700FC86C6 /* MapViewController.swift in Sources */ = {isa = PBXBuildFile; fileRef = E4144B7D2C4901D700FC86C6 /* MapViewController.swift */; };
		E4144B802C4901F300FC86C6 /* SearchViewController.swift in Sources */ = {isa = PBXBuildFile; fileRef = E4144B7F2C4901F300FC86C6 /* SearchViewController.swift */; };
		E4144B822C49022B00FC86C6 /* MainTabBarController.swift in Sources */ = {isa = PBXBuildFile; fileRef = E4144B812C49022B00FC86C6 /* MainTabBarController.swift */; };
		E4144B842C49025200FC86C6 /* EarthquakeViewModel.swift in Sources */ = {isa = PBXBuildFile; fileRef = E4144B832C49025200FC86C6 /* EarthquakeViewModel.swift */; };
		E4144B862C49027000FC86C6 /* Earthquake.swift in Sources */ = {isa = PBXBuildFile; fileRef = E4144B852C49027000FC86C6 /* Earthquake.swift */; };
/* End PBXBuildFile section */

/* Begin PBXFileReference section */
		E4144B592C48FEA100FC86C6 /* quakealert.app */ = {isa = PBXFileReference; explicitFileType = wrapper.application; includeInIndex = 0; path = quakealert.app; sourceTree = BUILT_PRODUCTS_DIR; };
		E4144B5C2C48FEA100FC86C6 /* AppDelegate.swift */ = {isa = PBXFileReference; lastKnownFileType = sourcecode.swift; path = AppDelegate.swift; sourceTree = "<group>"; };
		E4144B5E2C48FEA100FC86C6 /* SceneDelegate.swift */ = {isa = PBXFileReference; lastKnownFileType = sourcecode.swift; path = SceneDelegate.swift; sourceTree = "<group>"; };
		E4144B652C48FEA100FC86C6 /* Assets.xcassets */ = {isa = PBXFileReference; lastKnownFileType = folder.assetcatalog; path = Assets.xcassets; sourceTree = "<group>"; };
		E4144B682C48FEA100FC86C6 /* Base */ = {isa = PBXFileReference; lastKnownFileType = file.storyboard; name = Base; path = Base.lproj/LaunchScreen.storyboard; sourceTree = "<group>"; };
		E4144B6A2C48FEA100FC86C6 /* Info.plist */ = {isa = PBXFileReference; lastKnownFileType = text.plist.xml; path = Info.plist; sourceTree = "<group>"; };
		E4144B7B2C4901A100FC86C6 /* APIManager.swift */ = {isa = PBXFileReference; lastKnownFileType = sourcecode.swift; path = APIManager.swift; sourceTree = "<group>"; };
		E4144B7D2C4901D700FC86C6 /* MapViewController.swift */ = {isa = PBXFileReference; lastKnownFileType = sourcecode.swift; path = MapViewController.swift; sourceTree = "<group>"; };
		E4144B7F2C4901F300FC86C6 /* SearchViewController.swift */ = {isa = PBXFileReference; lastKnownFileType = sourcecode.swift; path = SearchViewController.swift; sourceTree = "<group>"; };
		E4144B812C49022B00FC86C6 /* MainTabBarController.swift */ = {isa = PBXFileReference; lastKnownFileType = sourcecode.swift; path = MainTabBarController.swift; sourceTree = "<group>"; };
		E4144B832C49025200FC86C6 /* EarthquakeViewModel.swift */ = {isa = PBXFileReference; lastKnownFileType = sourcecode.swift; path = EarthquakeViewModel.swift; sourceTree = "<group>"; };
		E4144B852C49027000FC86C6 /* Earthquake.swift */ = {isa = PBXFileReference; lastKnownFileType = sourcecode.swift; path = Earthquake.swift; sourceTree = "<group>"; };
/* End PBXFileReference section */

/* Begin PBXFrameworksBuildPhase section */
		E4144B562C48FEA100FC86C6 /* Frameworks */ = {
			isa = PBXFrameworksBuildPhase;
			buildActionMask = 2147483647;
			files = (
				E4144B742C48FEDC00FC86C6 /* RxSwift in Frameworks */,
				E4144B722C48FEDC00FC86C6 /* RxCocoa in Frameworks */,
			);
			runOnlyForDeploymentPostprocessing = 0;
		};
/* End PBXFrameworksBuildPhase section */

/* Begin PBXGroup section */
		E4144B502C48FEA100FC86C6 = {
			isa = PBXGroup;
			children = (
				E4144B5B2C48FEA100FC86C6 /* quakealert */,
				E4144B5A2C48FEA100FC86C6 /* Products */,
			);
			sourceTree = "<group>";
		};
		E4144B5A2C48FEA100FC86C6 /* Products */ = {
			isa = PBXGroup;
			children = (
				E4144B592C48FEA100FC86C6 /* quakealert.app */,
			);
			name = Products;
			sourceTree = "<group>";
		};
		E4144B5B2C48FEA100FC86C6 /* quakealert */ = {
			isa = PBXGroup;
			children = (
				E4144B7A2C49017200FC86C6 /* Services */,
				E4144B792C49015D00FC86C6 /* Controllers */,
				E4144B782C49013C00FC86C6 /* ViewModels */,
				E4144B772C49000100FC86C6 /* Models */,
				E4144B5C2C48FEA100FC86C6 /* AppDelegate.swift */,
				E4144B5E2C48FEA100FC86C6 /* SceneDelegate.swift */,
				E4144B652C48FEA100FC86C6 /* Assets.xcassets */,
				E4144B672C48FEA100FC86C6 /* LaunchScreen.storyboard */,
				E4144B6A2C48FEA100FC86C6 /* Info.plist */,
			);
			path = quakealert;
			sourceTree = "<group>";
		};
		E4144B772C49000100FC86C6 /* Models */ = {
			isa = PBXGroup;
			children = (
				E4144B852C49027000FC86C6 /* Earthquake.swift */,
			);
			path = Models;
			sourceTree = "<group>";
		};
		E4144B782C49013C00FC86C6 /* ViewModels */ = {
			isa = PBXGroup;
			children = (
				E4144B832C49025200FC86C6 /* EarthquakeViewModel.swift */,
			);
			path = ViewModels;
			sourceTree = "<group>";
		};
		E4144B792C49015D00FC86C6 /* Controllers */ = {
			isa = PBXGroup;
			children = (
				E4144B7D2C4901D700FC86C6 /* MapViewController.swift */,
				E4144B7F2C4901F300FC86C6 /* SearchViewController.swift */,
				E4144B812C49022B00FC86C6 /* MainTabBarController.swift */,
			);
			path = Controllers;
			sourceTree = "<group>";
		};
		E4144B7A2C49017200FC86C6 /* Services */ = {
			isa = PBXGroup;
			children = (
				E4144B7B2C4901A100FC86C6 /* APIManager.swift */,
			);
			path = Services;
			sourceTree = "<group>";
		};
/* End PBXGroup section */

/* Begin PBXNativeTarget section */
		E4144B582C48FEA100FC86C6 /* quakealert */ = {
			isa = PBXNativeTarget;
			buildConfigurationList = E4144B6D2C48FEA100FC86C6 /* Build configuration list for PBXNativeTarget "quakealert" */;
			buildPhases = (
				E4144B552C48FEA100FC86C6 /* Sources */,
				E4144B562C48FEA100FC86C6 /* Frameworks */,
				E4144B572C48FEA100FC86C6 /* Resources */,
			);
			buildRules = (
			);
			dependencies = (
			);
			name = quakealert;
			packageProductDependencies = (
				E4144B712C48FEDC00FC86C6 /* RxCocoa */,
				E4144B732C48FEDC00FC86C6 /* RxSwift */,
			);
			productName = quakealert;
			productReference = E4144B592C48FEA100FC86C6 /* quakealert.app */;
			productType = "com.apple.product-type.application";
		};
/* End PBXNativeTarget section */

/* Begin PBXProject section */
		E4144B512C48FEA100FC86C6 /* Project object */ = {
			isa = PBXProject;
			attributes = {
				BuildIndependentTargetsInParallel = 1;
				LastSwiftUpdateCheck = 1540;
				LastUpgradeCheck = 1540;
				TargetAttributes = {
					E4144B582C48FEA100FC86C6 = {
						CreatedOnToolsVersion = 15.4;
					};
				};
			};
			buildConfigurationList = E4144B542C48FEA100FC86C6 /* Build configuration list for PBXProject "quakealert" */;
			compatibilityVersion = "Xcode 14.0";
			developmentRegion = en;
			hasScannedForEncodings = 0;
			knownRegions = (
				en,
				Base,
			);
			mainGroup = E4144B502C48FEA100FC86C6;
			packageReferences = (
				E4144B702C48FEDC00FC86C6 /* XCRemoteSwiftPackageReference "RxSwift" */,
			);
			productRefGroup = E4144B5A2C48FEA100FC86C6 /* Products */;
			projectDirPath = "";
			projectRoot = "";
			targets = (
				E4144B582C48FEA100FC86C6 /* quakealert */,
			);
		};
/* End PBXProject section */

/* Begin PBXResourcesBuildPhase section */
		E4144B572C48FEA100FC86C6 /* Resources */ = {
			isa = PBXResourcesBuildPhase;
			buildActionMask = 2147483647;
			files = (
				E4144B662C48FEA100FC86C6 /* Assets.xcassets in Resources */,
				E4144B692C48FEA100FC86C6 /* Base in Resources */,
			);
			runOnlyForDeploymentPostprocessing = 0;
		};
/* End PBXResourcesBuildPhase section */

/* Begin PBXSourcesBuildPhase section */
		E4144B552C48FEA100FC86C6 /* Sources */ = {
			isa = PBXSourcesBuildPhase;
			buildActionMask = 2147483647;
			files = (
				E4144B802C4901F300FC86C6 /* SearchViewController.swift in Sources */,
				E4144B7C2C4901A100FC86C6 /* APIManager.swift in Sources */,
				E4144B842C49025200FC86C6 /* EarthquakeViewModel.swift in Sources */,
				E4144B862C49027000FC86C6 /* Earthquake.swift in Sources */,
				E4144B822C49022B00FC86C6 /* MainTabBarController.swift in Sources */,
				E4144B5D2C48FEA100FC86C6 /* AppDelegate.swift in Sources */,
				E4144B7E2C4901D700FC86C6 /* MapViewController.swift in Sources */,
				E4144B5F2C48FEA100FC86C6 /* SceneDelegate.swift in Sources */,
			);
			runOnlyForDeploymentPostprocessing = 0;
		};
/* End PBXSourcesBuildPhase section */

/* Begin PBXVariantGroup section */
		E4144B672C48FEA100FC86C6 /* LaunchScreen.storyboard */ = {
			isa = PBXVariantGroup;
			children = (
				E4144B682C48FEA100FC86C6 /* Base */,
			);
			name = LaunchScreen.storyboard;
			sourceTree = "<group>";
		};
/* End PBXVariantGroup section */

/* Begin XCBuildConfiguration section */
		E4144B6B2C48FEA100FC86C6 /* Debug */ = {
			isa = XCBuildConfiguration;
			buildSettings = {
				ALWAYS_SEARCH_USER_PATHS = NO;
				ASSETCATALOG_COMPILER_GENERATE_SWIFT_ASSET_SYMBOL_EXTENSIONS = YES;
				CLANG_ANALYZER_NONNULL = YES;
				CLANG_ANALYZER_NUMBER_OBJECT_CONVERSION = YES_AGGRESSIVE;
				CLANG_CXX_LANGUAGE_STANDARD = "gnu++20";
				CLANG_ENABLE_MODULES = YES;
				CLANG_ENABLE_OBJC_ARC = YES;
				CLANG_ENABLE_OBJC_WEAK = YES;
				CLANG_WARN_BLOCK_CAPTURE_AUTORELEASING = YES;
				CLANG_WARN_BOOL_CONVERSION = YES;
				CLANG_WARN_COMMA = YES;
				CLANG_WARN_CONSTANT_CONVERSION = YES;
				CLANG_WARN_DEPRECATED_OBJC_IMPLEMENTATIONS = YES;
				CLANG_WARN_DIRECT_OBJC_ISA_USAGE = YES_ERROR;
				CLANG_WARN_DOCUMENTATION_COMMENTS = YES;
				CLANG_WARN_EMPTY_BODY = YES;
				CLANG_WARN_ENUM_CONVERSION = YES;
				CLANG_WARN_INFINITE_RECURSION = YES;
				CLANG_WARN_INT_CONVERSION = YES;
				CLANG_WARN_NON_LITERAL_NULL_CONVERSION = YES;
				CLANG_WARN_OBJC_IMPLICIT_RETAIN_SELF = YES;
				CLANG_WARN_OBJC_LITERAL_CONVERSION = YES;
				CLANG_WARN_OBJC_ROOT_CLASS = YES_ERROR;
				CLANG_WARN_QUOTED_INCLUDE_IN_FRAMEWORK_HEADER = YES;
				CLANG_WARN_RANGE_LOOP_ANALYSIS = YES;
				CLANG_WARN_STRICT_PROTOTYPES = YES;
				CLANG_WARN_SUSPICIOUS_MOVE = YES;
				CLANG_WARN_UNGUARDED_AVAILABILITY = YES_AGGRESSIVE;
				CLANG_WARN_UNREACHABLE_CODE = YES;
				CLANG_WARN__DUPLICATE_METHOD_MATCH = YES;
				COPY_PHASE_STRIP = NO;
				DEBUG_INFORMATION_FORMAT = dwarf;
				ENABLE_STRICT_OBJC_MSGSEND = YES;
				ENABLE_TESTABILITY = YES;
				ENABLE_USER_SCRIPT_SANDBOXING = YES;
				GCC_C_LANGUAGE_STANDARD = gnu17;
				GCC_DYNAMIC_NO_PIC = NO;
				GCC_NO_COMMON_BLOCKS = YES;
				GCC_OPTIMIZATION_LEVEL = 0;
				GCC_PREPROCESSOR_DEFINITIONS = (
					"DEBUG=1",
					"$(inherited)",
				);
				GCC_WARN_64_TO_32_BIT_CONVERSION = YES;
				GCC_WARN_ABOUT_RETURN_TYPE = YES_ERROR;
				GCC_WARN_UNDECLARED_SELECTOR = YES;
				GCC_WARN_UNINITIALIZED_AUTOS = YES_AGGRESSIVE;
				GCC_WARN_UNUSED_FUNCTION = YES;
				GCC_WARN_UNUSED_VARIABLE = YES;
				IPHONEOS_DEPLOYMENT_TARGET = 17.5;
				LOCALIZATION_PREFERS_STRING_CATALOGS = YES;
				MTL_ENABLE_DEBUG_INFO = INCLUDE_SOURCE;
				MTL_FAST_MATH = YES;
				ONLY_ACTIVE_ARCH = YES;
				SDKROOT = iphoneos;
				SWIFT_ACTIVE_COMPILATION_CONDITIONS = "DEBUG $(inherited)";
				SWIFT_OPTIMIZATION_LEVEL = "-Onone";
			};
			name = Debug;
		};
		E4144B6C2C48FEA100FC86C6 /* Release */ = {
			isa = XCBuildConfiguration;
			buildSettings = {
				ALWAYS_SEARCH_USER_PATHS = NO;
				ASSETCATALOG_COMPILER_GENERATE_SWIFT_ASSET_SYMBOL_EXTENSIONS = YES;
				CLANG_ANALYZER_NONNULL = YES;
				CLANG_ANALYZER_NUMBER_OBJECT_CONVERSION = YES_AGGRESSIVE;
				CLANG_CXX_LANGUAGE_STANDARD = "gnu++20";
				CLANG_ENABLE_MODULES = YES;
				CLANG_ENABLE_OBJC_ARC = YES;
				CLANG_ENABLE_OBJC_WEAK = YES;
				CLANG_WARN_BLOCK_CAPTURE_AUTORELEASING = YES;
				CLANG_WARN_BOOL_CONVERSION = YES;
				CLANG_WARN_COMMA = YES;
				CLANG_WARN_CONSTANT_CONVERSION = YES;
				CLANG_WARN_DEPRECATED_OBJC_IMPLEMENTATIONS = YES;
				CLANG_WARN_DIRECT_OBJC_ISA_USAGE = YES_ERROR;
				CLANG_WARN_DOCUMENTATION_COMMENTS = YES;
				CLANG_WARN_EMPTY_BODY = YES;
				CLANG_WARN_ENUM_CONVERSION = YES;
				CLANG_WARN_INFINITE_RECURSION = YES;
				CLANG_WARN_INT_CONVERSION = YES;
				CLANG_WARN_NON_LITERAL_NULL_CONVERSION = YES;
				CLANG_WARN_OBJC_IMPLICIT_RETAIN_SELF = YES;
				CLANG_WARN_OBJC_LITERAL_CONVERSION = YES;
				CLANG_WARN_OBJC_ROOT_CLASS = YES_ERROR;
				CLANG_WARN_QUOTED_INCLUDE_IN_FRAMEWORK_HEADER = YES;
				CLANG_WARN_RANGE_LOOP_ANALYSIS = YES;
				CLANG_WARN_STRICT_PROTOTYPES = YES;
				CLANG_WARN_SUSPICIOUS_MOVE = YES;
				CLANG_WARN_UNGUARDED_AVAILABILITY = YES_AGGRESSIVE;
				CLANG_WARN_UNREACHABLE_CODE = YES;
				CLANG_WARN__DUPLICATE_METHOD_MATCH = YES;
				COPY_PHASE_STRIP = NO;
				DEBUG_INFORMATION_FORMAT = "dwarf-with-dsym";
				ENABLE_NS_ASSERTIONS = NO;
				ENABLE_STRICT_OBJC_MSGSEND = YES;
				ENABLE_USER_SCRIPT_SANDBOXING = YES;
				GCC_C_LANGUAGE_STANDARD = gnu17;
				GCC_NO_COMMON_BLOCKS = YES;
				GCC_WARN_64_TO_32_BIT_CONVERSION = YES;
				GCC_WARN_ABOUT_RETURN_TYPE = YES_ERROR;
				GCC_WARN_UNDECLARED_SELECTOR = YES;
				GCC_WARN_UNINITIALIZED_AUTOS = YES_AGGRESSIVE;
				GCC_WARN_UNUSED_FUNCTION = YES;
				GCC_WARN_UNUSED_VARIABLE = YES;
				IPHONEOS_DEPLOYMENT_TARGET = 17.5;
				LOCALIZATION_PREFERS_STRING_CATALOGS = YES;
				MTL_ENABLE_DEBUG_INFO = NO;
				MTL_FAST_MATH = YES;
				SDKROOT = iphoneos;
				SWIFT_COMPILATION_MODE = wholemodule;
				VALIDATE_PRODUCT = YES;
			};
			name = Release;
		};
		E4144B6E2C48FEA100FC86C6 /* Debug */ = {
			isa = XCBuildConfiguration;
			buildSettings = {
				ASSETCATALOG_COMPILER_APPICON_NAME = AppIcon;
				ASSETCATALOG_COMPILER_GLOBAL_ACCENT_COLOR_NAME = AccentColor;
				CODE_SIGN_STYLE = Automatic;
				CURRENT_PROJECT_VERSION = 1;
				DEVELOPMENT_TEAM = 79UA548H4L;
				GENERATE_INFOPLIST_FILE = YES;
				INFOPLIST_FILE = quakealert/Info.plist;
				INFOPLIST_KEY_UIApplicationSupportsIndirectInputEvents = YES;
				INFOPLIST_KEY_UILaunchStoryboardName = LaunchScreen;
				INFOPLIST_KEY_UISupportedInterfaceOrientations_iPad = "UIInterfaceOrientationPortrait UIInterfaceOrientationPortraitUpsideDown UIInterfaceOrientationLandscapeLeft UIInterfaceOrientationLandscapeRight";
				INFOPLIST_KEY_UISupportedInterfaceOrientations_iPhone = "UIInterfaceOrientationPortrait UIInterfaceOrientationLandscapeLeft UIInterfaceOrientationLandscapeRight";
				LD_RUNPATH_SEARCH_PATHS = (
					"$(inherited)",
					"@executable_path/Frameworks",
				);
				MARKETING_VERSION = 1.0;
				PRODUCT_BUNDLE_IDENTIFIER = com.emtech.quakealert;
				PRODUCT_NAME = "$(TARGET_NAME)";
				SWIFT_EMIT_LOC_STRINGS = YES;
				SWIFT_VERSION = 5.0;
				TARGETED_DEVICE_FAMILY = "1,2";
			};
			name = Debug;
		};
		E4144B6F2C48FEA100FC86C6 /* Release */ = {
			isa = XCBuildConfiguration;
			buildSettings = {
				ASSETCATALOG_COMPILER_APPICON_NAME = AppIcon;
				ASSETCATALOG_COMPILER_GLOBAL_ACCENT_COLOR_NAME = AccentColor;
				CODE_SIGN_STYLE = Automatic;
				CURRENT_PROJECT_VERSION = 1;
				DEVELOPMENT_TEAM = 79UA548H4L;
				GENERATE_INFOPLIST_FILE = YES;
				INFOPLIST_FILE = quakealert/Info.plist;
				INFOPLIST_KEY_UIApplicationSupportsIndirectInputEvents = YES;
				INFOPLIST_KEY_UILaunchStoryboardName = LaunchScreen;
				INFOPLIST_KEY_UISupportedInterfaceOrientations_iPad = "UIInterfaceOrientationPortrait UIInterfaceOrientationPortraitUpsideDown UIInterfaceOrientationLandscapeLeft UIInterfaceOrientationLandscapeRight";
				INFOPLIST_KEY_UISupportedInterfaceOrientations_iPhone = "UIInterfaceOrientationPortrait UIInterfaceOrientationLandscapeLeft UIInterfaceOrientationLandscapeRight";
				LD_RUNPATH_SEARCH_PATHS = (
					"$(inherited)",
					"@executable_path/Frameworks",
				);
				MARKETING_VERSION = 1.0;
				PRODUCT_BUNDLE_IDENTIFIER = com.emtech.quakealert;
				PRODUCT_NAME = "$(TARGET_NAME)";
				SWIFT_EMIT_LOC_STRINGS = YES;
				SWIFT_VERSION = 5.0;
				TARGETED_DEVICE_FAMILY = "1,2";
			};
			name = Release;
		};
/* End XCBuildConfiguration section */

/* Begin XCConfigurationList section */
		E4144B542C48FEA100FC86C6 /* Build configuration list for PBXProject "quakealert" */ = {
			isa = XCConfigurationList;
			buildConfigurations = (
				E4144B6B2C48FEA100FC86C6 /* Debug */,
				E4144B6C2C48FEA100FC86C6 /* Release */,
			);
			defaultConfigurationIsVisible = 0;
			defaultConfigurationName = Release;
		};
		E4144B6D2C48FEA100FC86C6 /* Build configuration list for PBXNativeTarget "quakealert" */ = {
			isa = XCConfigurationList;
			buildConfigurations = (
				E4144B6E2C48FEA100FC86C6 /* Debug */,
				E4144B6F2C48FEA100FC86C6 /* Release */,
			);
			defaultConfigurationIsVisible = 0;
			defaultConfigurationName = Release;
		};
/* End XCConfigurationList section */

/* Begin XCRemoteSwiftPackageReference section */
		E4144B702C48FEDC00FC86C6 /* XCRemoteSwiftPackageReference "RxSwift" */ = {
			isa = XCRemoteSwiftPackageReference;
			repositoryURL = "https://github.com/ReactiveX/RxSwift.git";
			requirement = {
				kind = upToNextMajorVersion;
				minimumVersion = 6.7.1;
			};
		};
/* End XCRemoteSwiftPackageReference section */

/* Begin XCSwiftPackageProductDependency section */
		E4144B712C48FEDC00FC86C6 /* RxCocoa */ = {
			isa = XCSwiftPackageProductDependency;
			package = E4144B702C48FEDC00FC86C6 /* XCRemoteSwiftPackageReference "RxSwift" */;
			productName = RxCocoa;
		};
		E4144B732C48FEDC00FC86C6 /* RxSwift */ = {
			isa = XCSwiftPackageProductDependency;
			package = E4144B702C48FEDC00FC86C6 /* XCRemoteSwiftPackageReference "RxSwift" */;
			productName = RxSwift;
		};
/* End XCSwiftPackageProductDependency section */
	};
	rootObject = E4144B512C48FEA100FC86C6 /* Project object */;
}
